
Microsoft Visual Studio Solution File, Format Version 12.00
# Visual Studio Version 16
VisualStudioVersion = 16.0.30114.105
MinimumVisualStudioVersion = 10.0.40219.1
Project("{FAE04EC0-301F-11D3-BF4B-00C04F79EFBC}") = "API", "API\API.csproj", "{1BAC9277-C004-4C19-ABC8-92F56CF0C9BF}"
EndProject
Project("{FAE04EC0-301F-11D3-BF4B-00C04F79EFBC}") = "Application", "Application\Application.csproj", "{CA7AAF9C-D622-4CDB-AB6D-1D5280E73B9A}"
EndProject
Project("{FAE04EC0-301F-11D3-BF4B-00C04F79EFBC}") = "Persistence", "Persistence\Persistence.csproj", "{49FD04F7-94AB-4B4D-915D-AC24D5A3601B}"
EndProject
Project("{FAE04EC0-301F-11D3-BF4B-00C04F79EFBC}") = "Domain", "Domain\Domain.csproj", "{0D18E919-5957-49F1-BBB0-49F5114AF4FD}"
EndProject
Global
	GlobalSection(SolutionConfigurationPlatforms) = preSolution
		Debug|Any CPU = Debug|Any CPU
		Release|Any CPU = Release|Any CPU
	EndGlobalSection
	GlobalSection(SolutionProperties) = preSolution
		HideSolutionNode = FALSE
	EndGlobalSection
	GlobalSection(ProjectConfigurationPlatforms) = postSolution
		{1BAC9277-C004-4C19-ABC8-92F56CF0C9BF}.Debug|Any CPU.ActiveCfg = Debug|Any CPU
		{1BAC9277-C004-4C19-ABC8-92F56CF0C9BF}.Debug|Any CPU.Build.0 = Debug|Any CPU
		{1BAC9277-C004-4C19-ABC8-92F56CF0C9BF}.Release|Any CPU.ActiveCfg = Release|Any CPU
		{1BAC9277-C004-4C19-ABC8-92F56CF0C9BF}.Release|Any CPU.Build.0 = Release|Any CPU
		{CA7AAF9C-D622-4CDB-AB6D-1D5280E73B9A}.Debug|Any CPU.ActiveCfg = Debug|Any CPU
		{CA7AAF9C-D622-4CDB-AB6D-1D5280E73B9A}.Debug|Any CPU.Build.0 = Debug|Any CPU
		{CA7AAF9C-D622-4CDB-AB6D-1D5280E73B9A}.Release|Any CPU.ActiveCfg = Release|Any CPU
		{CA7AAF9C-D622-4CDB-AB6D-1D5280E73B9A}.Release|Any CPU.Build.0 = Release|Any CPU
		{49FD04F7-94AB-4B4D-915D-AC24D5A3601B}.Debug|Any CPU.ActiveCfg = Debug|Any CPU
		{49FD04F7-94AB-4B4D-915D-AC24D5A3601B}.Debug|Any CPU.Build.0 = Debug|Any CPU
		{49FD04F7-94AB-4B4D-915D-AC24D5A3601B}.Release|Any CPU.ActiveCfg = Release|Any CPU
		{49FD04F7-94AB-4B4D-915D-AC24D5A3601B}.Release|Any CPU.Build.0 = Release|Any CPU
		{0D18E919-5957-49F1-BBB0-49F5114AF4FD}.Debug|Any CPU.ActiveCfg = Debug|Any CPU
		{0D18E919-5957-49F1-BBB0-49F5114AF4FD}.Debug|Any CPU.Build.0 = Debug|Any CPU
		{0D18E919-5957-49F1-BBB0-49F5114AF4FD}.Release|Any CPU.ActiveCfg = Release|Any CPU
		{0D18E919-5957-49F1-BBB0-49F5114AF4FD}.Release|Any CPU.Build.0 = Release|Any CPU
	EndGlobalSection
EndGlobal
